
Microsoft Visual Studio Solution File, Format Version 12.00
# Visual Studio Version 16
VisualStudioVersion = 16.0.30717.126
MinimumVisualStudioVersion = 10.0.40219.1
Project("{9A19103F-16F7-4668-BE54-9A1E7A4F7556}") = "AOC2020", "AOC2020\AOC2020.csproj", "{77A92D8D-D23C-4156-8340-BC9E39F2B5E1}"
EndProject
Project("{FAE04EC0-301F-11D3-BF4B-00C04F79EFBC}") = "Test", "Test\Test.csproj", "{6158F86A-2E5A-453E-9BA4-B66EEA8B7BD3}"
EndProject
Global
	GlobalSection(SolutionConfigurationPlatforms) = preSolution
		Debug|Any CPU = Debug|Any CPU
		Release|Any CPU = Release|Any CPU
	EndGlobalSection
	GlobalSection(ProjectConfigurationPlatforms) = postSolution
		{77A92D8D-D23C-4156-8340-BC9E39F2B5E1}.Debug|Any CPU.ActiveCfg = Debug|Any CPU
		{77A92D8D-D23C-4156-8340-BC9E39F2B5E1}.Debug|Any CPU.Build.0 = Debug|Any CPU
		{77A92D8D-D23C-4156-8340-BC9E39F2B5E1}.Release|Any CPU.ActiveCfg = Release|Any CPU
		{77A92D8D-D23C-4156-8340-BC9E39F2B5E1}.Release|Any CPU.Build.0 = Release|Any CPU
		{6158F86A-2E5A-453E-9BA4-B66EEA8B7BD3}.Debug|Any CPU.ActiveCfg = Debug|Any CPU
		{6158F86A-2E5A-453E-9BA4-B66EEA8B7BD3}.Debug|Any CPU.Build.0 = Debug|Any CPU
		{6158F86A-2E5A-453E-9BA4-B66EEA8B7BD3}.Release|Any CPU.ActiveCfg = Release|Any CPU
		{6158F86A-2E5A-453E-9BA4-B66EEA8B7BD3}.Release|Any CPU.Build.0 = Release|Any CPU
	EndGlobalSection
	GlobalSection(SolutionProperties) = preSolution
		HideSolutionNode = FALSE
	EndGlobalSection
	GlobalSection(ExtensibilityGlobals) = postSolution
		SolutionGuid = {75F2B6DD-A273-437B-89F6-68FEA64986DE}
	EndGlobalSection
EndGlobal
